
Microsoft Visual Studio Solution File, Format Version 12.00
# Visual Studio 15
Project("{FAE04EC0-301F-11D3-BF4B-00C04F79EFBC}") = "iJoozUI", "iJoozUI\iJoozUI.csproj", "{368D9C74-C98B-4E1F-9A2C-B0211F18E23B}"
EndProject
Global
	GlobalSection(SolutionConfigurationPlatforms) = preSolution
		Debug|Any CPU = Debug|Any CPU
		Release|Any CPU = Release|Any CPU
	EndGlobalSection
	GlobalSection(ProjectConfigurationPlatforms) = postSolution
		{368D9C74-C98B-4E1F-9A2C-B0211F18E23B}.Debug|Any CPU.ActiveCfg = Debug|Any CPU
		{368D9C74-C98B-4E1F-9A2C-B0211F18E23B}.Debug|Any CPU.Build.0 = Debug|Any CPU
		{368D9C74-C98B-4E1F-9A2C-B0211F18E23B}.Release|Any CPU.ActiveCfg = Release|Any CPU
		{368D9C74-C98B-4E1F-9A2C-B0211F18E23B}.Release|Any CPU.Build.0 = Release|Any CPU
	EndGlobalSection
EndGlobal
